
Microsoft Visual Studio Solution File, Format Version 12.00
# Visual Studio 2015
Project("{FAE04EC0-301F-11D3-BF4B-00C04F79EFBC}") = "devilsfoot.CSharp.Plugins", "devilsfoot.CSharp.Plugins.csproj", "{3A7B9D47-2DD0-DB76-0A09-41CBC2294B8C}"
EndProject
Project("{FAE04EC0-301F-11D3-BF4B-00C04F79EFBC}") = "devilsfoot.CSharp", "devilsfoot.CSharp.csproj", "{054EDE22-F424-1AD6-5531-0F2FDD80961C}"
EndProject
Project("{FAE04EC0-301F-11D3-BF4B-00C04F79EFBC}") = "devilsfoot.CSharp.Editor", "devilsfoot.CSharp.Editor.csproj", "{8ECEAEC6-253B-A2FC-286D-B7A1999A0548}"
EndProject
Global
	GlobalSection(SolutionConfigurationPlatforms) = preSolution
		Debug|Any CPU = Debug|Any CPU
		Release|Any CPU = Release|Any CPU
	EndGlobalSection
	GlobalSection(ProjectConfigurationPlatforms) = postSolution
		{3A7B9D47-2DD0-DB76-0A09-41CBC2294B8C}.Debug|Any CPU.ActiveCfg = Debug|Any CPU
		{3A7B9D47-2DD0-DB76-0A09-41CBC2294B8C}.Debug|Any CPU.Build.0 = Debug|Any CPU
		{3A7B9D47-2DD0-DB76-0A09-41CBC2294B8C}.Release|Any CPU.ActiveCfg = Release|Any CPU
		{3A7B9D47-2DD0-DB76-0A09-41CBC2294B8C}.Release|Any CPU.Build.0 = Release|Any CPU
		{054EDE22-F424-1AD6-5531-0F2FDD80961C}.Debug|Any CPU.ActiveCfg = Debug|Any CPU
		{054EDE22-F424-1AD6-5531-0F2FDD80961C}.Debug|Any CPU.Build.0 = Debug|Any CPU
		{054EDE22-F424-1AD6-5531-0F2FDD80961C}.Release|Any CPU.ActiveCfg = Release|Any CPU
		{054EDE22-F424-1AD6-5531-0F2FDD80961C}.Release|Any CPU.Build.0 = Release|Any CPU
		{8ECEAEC6-253B-A2FC-286D-B7A1999A0548}.Debug|Any CPU.ActiveCfg = Debug|Any CPU
		{8ECEAEC6-253B-A2FC-286D-B7A1999A0548}.Debug|Any CPU.Build.0 = Debug|Any CPU
		{8ECEAEC6-253B-A2FC-286D-B7A1999A0548}.Release|Any CPU.ActiveCfg = Release|Any CPU
		{8ECEAEC6-253B-A2FC-286D-B7A1999A0548}.Release|Any CPU.Build.0 = Release|Any CPU
	EndGlobalSection
	GlobalSection(SolutionProperties) = preSolution
		HideSolutionNode = FALSE
	EndGlobalSection
EndGlobal
